
Microsoft Visual Studio Solution File, Format Version 12.00
# Visual Studio Version 16
VisualStudioVersion = 16.0.29102.190
MinimumVisualStudioVersion = 10.0.40219.1
Project("{FAE04EC0-301F-11D3-BF4B-00C04F79EFBC}") = "Itse430.MovieLib.Host", "Itse430.MovieLib.Host\Itse430.MovieLib.Host.csproj", "{8013783C-68C4-4128-9923-FF4D2F68A1DC}"
EndProject
Project("{FAE04EC0-301F-11D3-BF4B-00C04F79EFBC}") = "Itse130.MovieLib", "Itse130.MovieLib\Itse130.MovieLib.csproj", "{567F2C64-C3F3-4764-B08E-B16AA792A8B4}"
EndProject
Global
	GlobalSection(SolutionConfigurationPlatforms) = preSolution
		Debug|Any CPU = Debug|Any CPU
		Release|Any CPU = Release|Any CPU
	EndGlobalSection
	GlobalSection(ProjectConfigurationPlatforms) = postSolution
		{8013783C-68C4-4128-9923-FF4D2F68A1DC}.Debug|Any CPU.ActiveCfg = Debug|Any CPU
		{8013783C-68C4-4128-9923-FF4D2F68A1DC}.Debug|Any CPU.Build.0 = Debug|Any CPU
		{8013783C-68C4-4128-9923-FF4D2F68A1DC}.Release|Any CPU.ActiveCfg = Release|Any CPU
		{8013783C-68C4-4128-9923-FF4D2F68A1DC}.Release|Any CPU.Build.0 = Release|Any CPU
		{567F2C64-C3F3-4764-B08E-B16AA792A8B4}.Debug|Any CPU.ActiveCfg = Debug|Any CPU
		{567F2C64-C3F3-4764-B08E-B16AA792A8B4}.Debug|Any CPU.Build.0 = Debug|Any CPU
		{567F2C64-C3F3-4764-B08E-B16AA792A8B4}.Release|Any CPU.ActiveCfg = Release|Any CPU
		{567F2C64-C3F3-4764-B08E-B16AA792A8B4}.Release|Any CPU.Build.0 = Release|Any CPU
	EndGlobalSection
	GlobalSection(SolutionProperties) = preSolution
		HideSolutionNode = FALSE
	EndGlobalSection
	GlobalSection(ExtensibilityGlobals) = postSolution
		SolutionGuid = {22D0F8AC-D2A4-4D18-810B-C6C9DC5A75F0}
	EndGlobalSection
EndGlobal
